
Microsoft Visual Studio Solution File, Format Version 12.00
# Visual Studio 15
VisualStudioVersion = 15.0.28307.960
MinimumVisualStudioVersion = 10.0.40219.1
Project("{9A19103F-16F7-4668-BE54-9A1E7A4F7556}") = "emailservice", "emailservice\emailservice.csproj", "{67EAC369-46A9-4974-99A0-4EFBCB73FFD8}"
EndProject
Project("{9A19103F-16F7-4668-BE54-9A1E7A4F7556}") = "checkoutservice", "checkoutservice\checkoutservice.csproj", "{6E0C8E84-BA1D-4AD8-844C-1731732CA250}"
EndProject
Project("{9A19103F-16F7-4668-BE54-9A1E7A4F7556}") = "adservice", "adservice\adservice.csproj", "{DA719108-D53B-4245-9219-7CE35F1309A0}"
EndProject
Project("{9A19103F-16F7-4668-BE54-9A1E7A4F7556}") = "Email.Tests", "Email.Tests\Email.Tests.csproj", "{8F629F70-6B55-45A8-8FE8-0FA3B1819DB2}"
EndProject
Global
	GlobalSection(SolutionConfigurationPlatforms) = preSolution
		Debug|Any CPU = Debug|Any CPU
		Release|Any CPU = Release|Any CPU
	EndGlobalSection
	GlobalSection(ProjectConfigurationPlatforms) = postSolution
		{67EAC369-46A9-4974-99A0-4EFBCB73FFD8}.Debug|Any CPU.ActiveCfg = Debug|Any CPU
		{67EAC369-46A9-4974-99A0-4EFBCB73FFD8}.Debug|Any CPU.Build.0 = Debug|Any CPU
		{67EAC369-46A9-4974-99A0-4EFBCB73FFD8}.Release|Any CPU.ActiveCfg = Release|Any CPU
		{67EAC369-46A9-4974-99A0-4EFBCB73FFD8}.Release|Any CPU.Build.0 = Release|Any CPU
		{6E0C8E84-BA1D-4AD8-844C-1731732CA250}.Debug|Any CPU.ActiveCfg = Debug|Any CPU
		{6E0C8E84-BA1D-4AD8-844C-1731732CA250}.Debug|Any CPU.Build.0 = Debug|Any CPU
		{6E0C8E84-BA1D-4AD8-844C-1731732CA250}.Release|Any CPU.ActiveCfg = Release|Any CPU
		{6E0C8E84-BA1D-4AD8-844C-1731732CA250}.Release|Any CPU.Build.0 = Release|Any CPU
		{DA719108-D53B-4245-9219-7CE35F1309A0}.Debug|Any CPU.ActiveCfg = Debug|Any CPU
		{DA719108-D53B-4245-9219-7CE35F1309A0}.Debug|Any CPU.Build.0 = Debug|Any CPU
		{DA719108-D53B-4245-9219-7CE35F1309A0}.Release|Any CPU.ActiveCfg = Release|Any CPU
		{DA719108-D53B-4245-9219-7CE35F1309A0}.Release|Any CPU.Build.0 = Release|Any CPU
		{8F629F70-6B55-45A8-8FE8-0FA3B1819DB2}.Debug|Any CPU.ActiveCfg = Debug|Any CPU
		{8F629F70-6B55-45A8-8FE8-0FA3B1819DB2}.Debug|Any CPU.Build.0 = Debug|Any CPU
		{8F629F70-6B55-45A8-8FE8-0FA3B1819DB2}.Release|Any CPU.ActiveCfg = Release|Any CPU
		{8F629F70-6B55-45A8-8FE8-0FA3B1819DB2}.Release|Any CPU.Build.0 = Release|Any CPU
	EndGlobalSection
	GlobalSection(SolutionProperties) = preSolution
		HideSolutionNode = FALSE
	EndGlobalSection
	GlobalSection(ExtensibilityGlobals) = postSolution
		SolutionGuid = {7136E1BB-C2BA-48E7-98A0-00A66676ED42}
	EndGlobalSection
EndGlobal
