
Microsoft Visual Studio Solution File, Format Version 12.00
# Visual Studio 15
VisualStudioVersion = 15.0.28307.960
MinimumVisualStudioVersion = 10.0.40219.1
Project("{FAE04EC0-301F-11D3-BF4B-00C04F79EFBC}") = "emailservice", "emailservice\emailservice.csproj", "{67EAC369-46A9-4974-99A0-4EFBCB73FFD8}"
EndProject
Project("{FAE04EC0-301F-11D3-BF4B-00C04F79EFBC}") = "checkoutservice", "checkoutservice\checkoutservice.csproj", "{6E0C8E84-BA1D-4AD8-844C-1731732CA250}"
EndProject
Project("{FAE04EC0-301F-11D3-BF4B-00C04F79EFBC}") = "adservice", "adservice\adservice.csproj", "{DA719108-D53B-4245-9219-7CE35F1309A0}"
EndProject
Global
	GlobalSection(SolutionConfigurationPlatforms) = preSolution
		Debug|Any CPU = Debug|Any CPU
		Release|Any CPU = Release|Any CPU
	EndGlobalSection
	GlobalSection(ProjectConfigurationPlatforms) = postSolution
		{67EAC369-46A9-4974-99A0-4EFBCB73FFD8}.Debug|Any CPU.ActiveCfg = Debug|Any CPU
		{67EAC369-46A9-4974-99A0-4EFBCB73FFD8}.Debug|Any CPU.Build.0 = Debug|Any CPU
		{67EAC369-46A9-4974-99A0-4EFBCB73FFD8}.Release|Any CPU.ActiveCfg = Release|Any CPU
		{67EAC369-46A9-4974-99A0-4EFBCB73FFD8}.Release|Any CPU.Build.0 = Release|Any CPU
		{6E0C8E84-BA1D-4AD8-844C-1731732CA250}.Debug|Any CPU.ActiveCfg = Debug|Any CPU
		{6E0C8E84-BA1D-4AD8-844C-1731732CA250}.Debug|Any CPU.Build.0 = Debug|Any CPU
		{6E0C8E84-BA1D-4AD8-844C-1731732CA250}.Release|Any CPU.ActiveCfg = Release|Any CPU
		{6E0C8E84-BA1D-4AD8-844C-1731732CA250}.Release|Any CPU.Build.0 = Release|Any CPU
		{DA719108-D53B-4245-9219-7CE35F1309A0}.Debug|Any CPU.ActiveCfg = Debug|Any CPU
		{DA719108-D53B-4245-9219-7CE35F1309A0}.Debug|Any CPU.Build.0 = Debug|Any CPU
		{DA719108-D53B-4245-9219-7CE35F1309A0}.Release|Any CPU.ActiveCfg = Release|Any CPU
		{DA719108-D53B-4245-9219-7CE35F1309A0}.Release|Any CPU.Build.0 = Release|Any CPU
	EndGlobalSection
	GlobalSection(SolutionProperties) = preSolution
		HideSolutionNode = FALSE
	EndGlobalSection
	GlobalSection(ExtensibilityGlobals) = postSolution
		SolutionGuid = {7136E1BB-C2BA-48E7-98A0-00A66676ED42}
	EndGlobalSection
EndGlobal
